// !$*UTF8*$!
{
	archiveVersion = 1;
	classes = {
	};
	objectVersion = 46;
	objects = {

/* Begin PBXGroup section */
		8C9E7D021B734E4200B5F44D = {
			isa = PBXGroup;
			children = (
			);
			sourceTree = "<group>";
		};
/* End PBXGroup section */

/* Begin PBXProject section */
		8C9E7D031B734E4200B5F44D /* Project object */ = {
			isa = PBXProject;
			attributes = {
				LastUpgradeCheck = 0640;
			};
			buildConfigurationList = 8C9E7D061B734E4200B5F44D /* Build configuration list for PBXProject "FaceX" */;
			compatibilityVersion = "Xcode 3.2";
			developmentRegion = English;
			hasScannedForEncodings = 0;
			knownRegions = (
				en,
			);
			mainGroup = 8C9E7D021B734E4200B5F44D;
			projectDirPath = "";
			projectRoot = "";
			targets = (
			);
		};
/* End PBXProject section */

/* Begin XCBuildConfiguration section */
		8C9E7D071B734E4200B5F44D /* Debug */ = {
			isa = XCBuildConfiguration;
			buildSettings = {
			};
			name = Debug;
		};
		8C9E7D081B734E4200B5F44D /* Release */ = {
			isa = XCBuildConfiguration;
			buildSettings = {
			};
			name = Release;
		};
/* End XCBuildConfiguration section */

/* Begin XCConfigurationList section */
		8C9E7D061B734E4200B5F44D /* Build configuration list for PBXProject "FaceX" */ = {
			isa = XCConfigurationList;
			buildConfigurations = (
				8C9E7D071B734E4200B5F44D /* Debug */,
				8C9E7D081B734E4200B5F44D /* Release */,
			);
			defaultConfigurationIsVisible = 0;
			defaultConfigurationName = Release;
		};
/* End XCConfigurationList section */
	};
	rootObject = 8C9E7D031B734E4200B5F44D /* Project object */;
}
